// !$*UTF8*$!
{
	archiveVersion = 1;
	classes = {
	};
	objectVersion = 46;
	objects = {

/* Begin PBXBuildFile section */
		FD54F3DE1BA9A2E2002DF8CA /* main.m in Sources */ = {isa = PBXBuildFile; fileRef = FD54F3DD1BA9A2E2002DF8CA /* main.m */; };
		FD54F3E11BA9A2E2002DF8CA /* AppDelegate.m in Sources */ = {isa = PBXBuildFile; fileRef = FD54F3E01BA9A2E2002DF8CA /* AppDelegate.m */; };
		FD54F3E41BA9A2E2002DF8CA /* ViewController.m in Sources */ = {isa = PBXBuildFile; fileRef = FD54F3E31BA9A2E2002DF8CA /* ViewController.m */; };
		FD54F3E71BA9A2E2002DF8CA /* Main.storyboard in Resources */ = {isa = PBXBuildFile; fileRef = FD54F3E51BA9A2E2002DF8CA /* Main.storyboard */; };
		FD54F3E91BA9A2E2002DF8CA /* Images.xcassets in Resources */ = {isa = PBXBuildFile; fileRef = FD54F3E81BA9A2E2002DF8CA /* Images.xcassets */; };
		FD54F3EC1BA9A2E2002DF8CA /* LaunchScreen.xib in Resources */ = {isa = PBXBuildFile; fileRef = FD54F3EA1BA9A2E2002DF8CA /* LaunchScreen.xib */; };
		FD54F3F81BA9A2E2002DF8CA /* NSStringCategoryTestTests.m in Sources */ = {isa = PBXBuildFile; fileRef = FD54F3F71BA9A2E2002DF8CA /* NSStringCategoryTestTests.m */; };
		FDD1363C1BA9B0F100136269 /* NSString+Util.m in Sources */ = {isa = PBXBuildFile; fileRef = FDD1363B1BA9B0F100136269 /* NSString+Util.m */; };
/* End PBXBuildFile section */

/* Begin PBXContainerItemProxy section */
		FD54F3F21BA9A2E2002DF8CA /* PBXContainerItemProxy */ = {
			isa = PBXContainerItemProxy;
			containerPortal = FD54F3D01BA9A2E1002DF8CA /* Project object */;
			proxyType = 1;
			remoteGlobalIDString = FD54F3D71BA9A2E2002DF8CA;
			remoteInfo = NSStringCategoryTest;
		};
/* End PBXContainerItemProxy section */

/* Begin PBXFileReference section */
		FD54F3D81BA9A2E2002DF8CA /* NSStringCategoryTest.app */ = {isa = PBXFileReference; explicitFileType = wrapper.application; includeInIndex = 0; path = NSStringCategoryTest.app; sourceTree = BUILT_PRODUCTS_DIR; };
		FD54F3DC1BA9A2E2002DF8CA /* Info.plist */ = {isa = PBXFileReference; lastKnownFileType = text.plist.xml; path = Info.plist; sourceTree = "<group>"; };
		FD54F3DD1BA9A2E2002DF8CA /* main.m */ = {isa = PBXFileReference; lastKnownFileType = sourcecode.c.objc; path = main.m; sourceTree = "<group>"; };
		FD54F3DF1BA9A2E2002DF8CA /* AppDelegate.h */ = {isa = PBXFileReference; lastKnownFileType = sourcecode.c.h; path = AppDelegate.h; sourceTree = "<group>"; };
		FD54F3E01BA9A2E2002DF8CA /* AppDelegate.m */ = {isa = PBXFileReference; lastKnownFileType = sourcecode.c.objc; path = AppDelegate.m; sourceTree = "<group>"; };
		FD54F3E21BA9A2E2002DF8CA /* ViewController.h */ = {isa = PBXFileReference; lastKnownFileType = sourcecode.c.h; path = ViewController.h; sourceTree = "<group>"; };
		FD54F3E31BA9A2E2002DF8CA /* ViewController.m */ = {isa = PBXFileReference; lastKnownFileType = sourcecode.c.objc; path = ViewController.m; sourceTree = "<group>"; };
		FD54F3E61BA9A2E2002DF8CA /* Base */ = {isa = PBXFileReference; lastKnownFileType = file.storyboard; name = Base; path = Base.lproj/Main.storyboard; sourceTree = "<group>"; };
		FD54F3E81BA9A2E2002DF8CA /* Images.xcassets */ = {isa = PBXFileReference; lastKnownFileType = folder.assetcatalog; path = Images.xcassets; sourceTree = "<group>"; };
		FD54F3EB1BA9A2E2002DF8CA /* Base */ = {isa = PBXFileReference; lastKnownFileType = file.xib; name = Base; path = Base.lproj/LaunchScreen.xib; sourceTree = "<group>"; };
		FD54F3F11BA9A2E2002DF8CA /* NSStringCategoryTestTests.xctest */ = {isa = PBXFileReference; explicitFileType = wrapper.cfbundle; includeInIndex = 0; path = NSStringCategoryTestTests.xctest; sourceTree = BUILT_PRODUCTS_DIR; };
		FD54F3F61BA9A2E2002DF8CA /* Info.plist */ = {isa = PBXFileReference; lastKnownFileType = text.plist.xml; path = Info.plist; sourceTree = "<group>"; };
		FD54F3F71BA9A2E2002DF8CA /* NSStringCategoryTestTests.m */ = {isa = PBXFileReference; lastKnownFileType = sourcecode.c.objc; path = NSStringCategoryTestTests.m; sourceTree = "<group>"; };
		FDD1363A1BA9B0F100136269 /* NSString+Util.h */ = {isa = PBXFileReference; fileEncoding = 4; lastKnownFileType = sourcecode.c.h; name = "NSString+Util.h"; path = "Common/NSString+Util.h"; sourceTree = "<group>"; };
		FDD1363B1BA9B0F100136269 /* NSString+Util.m */ = {isa = PBXFileReference; fileEncoding = 4; lastKnownFileType = sourcecode.c.objc; name = "NSString+Util.m"; path = "Common/NSString+Util.m"; sourceTree = "<group>"; };
/* End PBXFileReference section */

/* Begin PBXFrameworksBuildPhase section */
		FD54F3D51BA9A2E2002DF8CA /* Frameworks */ = {
			isa = PBXFrameworksBuildPhase;
			buildActionMask = 2147483647;
			files = (
			);
			runOnlyForDeploymentPostprocessing = 0;
		};
		FD54F3EE1BA9A2E2002DF8CA /* Frameworks */ = {
			isa = PBXFrameworksBuildPhase;
			buildActionMask = 2147483647;
			files = (
			);
			runOnlyForDeploymentPostprocessing = 0;
		};
/* End PBXFrameworksBuildPhase section */

/* Begin PBXGroup section */
		FD54F3CF1BA9A2E1002DF8CA = {
			isa = PBXGroup;
			children = (
				FD54F3DA1BA9A2E2002DF8CA /* NSStringCategoryTest */,
				FD54F3F41BA9A2E2002DF8CA /* NSStringCategoryTestTests */,
				FD54F3D91BA9A2E2002DF8CA /* Products */,
			);
			sourceTree = "<group>";
		};
		FD54F3D91BA9A2E2002DF8CA /* Products */ = {
			isa = PBXGroup;
			children = (
				FD54F3D81BA9A2E2002DF8CA /* NSStringCategoryTest.app */,
				FD54F3F11BA9A2E2002DF8CA /* NSStringCategoryTestTests.xctest */,
			);
			name = Products;
			sourceTree = "<group>";
		};
		FD54F3DA1BA9A2E2002DF8CA /* NSStringCategoryTest */ = {
			isa = PBXGroup;
			children = (
				FD54F4041BA9A345002DF8CA /* Model */,
				FD54F4031BA9A33A002DF8CA /* Controller */,
				FD54F4021BA9A333002DF8CA /* View */,
				FD54F4011BA9A329002DF8CA /* Common */,
				FD54F3E81BA9A2E2002DF8CA /* Images.xcassets */,
				FD54F3DB1BA9A2E2002DF8CA /* Supporting Files */,
			);
			path = NSStringCategoryTest;
			sourceTree = "<group>";
		};
		FD54F3DB1BA9A2E2002DF8CA /* Supporting Files */ = {
			isa = PBXGroup;
			children = (
				FD54F3DC1BA9A2E2002DF8CA /* Info.plist */,
				FD54F3DD1BA9A2E2002DF8CA /* main.m */,
			);
			name = "Supporting Files";
			sourceTree = "<group>";
		};
		FD54F3F41BA9A2E2002DF8CA /* NSStringCategoryTestTests */ = {
			isa = PBXGroup;
			children = (
				FD54F3F71BA9A2E2002DF8CA /* NSStringCategoryTestTests.m */,
				FD54F3F51BA9A2E2002DF8CA /* Supporting Files */,
			);
			path = NSStringCategoryTestTests;
			sourceTree = "<group>";
		};
		FD54F3F51BA9A2E2002DF8CA /* Supporting Files */ = {
			isa = PBXGroup;
			children = (
				FD54F3F61BA9A2E2002DF8CA /* Info.plist */,
			);
			name = "Supporting Files";
			sourceTree = "<group>";
		};
		FD54F4011BA9A329002DF8CA /* Common */ = {
			isa = PBXGroup;
			children = (
				FDD1363A1BA9B0F100136269 /* NSString+Util.h */,
				FDD1363B1BA9B0F100136269 /* NSString+Util.m */,
			);
			name = Common;
			sourceTree = "<group>";
		};
		FD54F4021BA9A333002DF8CA /* View */ = {
			isa = PBXGroup;
			children = (
				FD54F3E51BA9A2E2002DF8CA /* Main.storyboard */,
				FD54F3EA1BA9A2E2002DF8CA /* LaunchScreen.xib */,
			);
			name = View;
			sourceTree = "<group>";
		};
		FD54F4031BA9A33A002DF8CA /* Controller */ = {
			isa = PBXGroup;
			children = (
				FD54F3DF1BA9A2E2002DF8CA /* AppDelegate.h */,
				FD54F3E01BA9A2E2002DF8CA /* AppDelegate.m */,
				FD54F3E21BA9A2E2002DF8CA /* ViewController.h */,
				FD54F3E31BA9A2E2002DF8CA /* ViewController.m */,
			);
			path = Controller;
			sourceTree = "<group>";
		};
		FD54F4041BA9A345002DF8CA /* Model */ = {
			isa = PBXGroup;
			children = (
			);
			path = Model;
			sourceTree = "<group>";
		};
/* End PBXGroup section */

/* Begin PBXNativeTarget section */
		FD54F3D71BA9A2E2002DF8CA /* NSStringCategoryTest */ = {
			isa = PBXNativeTarget;
			buildConfigurationList = FD54F3FB1BA9A2E2002DF8CA /* Build configuration list for PBXNativeTarget "NSStringCategoryTest" */;
			buildPhases = (
				FD54F3D41BA9A2E2002DF8CA /* Sources */,
				FD54F3D51BA9A2E2002DF8CA /* Frameworks */,
				FD54F3D61BA9A2E2002DF8CA /* Resources */,
			);
			buildRules = (
			);
			dependencies = (
			);
			name = NSStringCategoryTest;
			productName = NSStringCategoryTest;
			productReference = FD54F3D81BA9A2E2002DF8CA /* NSStringCategoryTest.app */;
			productType = "com.apple.product-type.application";
		};
		FD54F3F01BA9A2E2002DF8CA /* NSStringCategoryTestTests */ = {
			isa = PBXNativeTarget;
			buildConfigurationList = FD54F3FE1BA9A2E2002DF8CA /* Build configuration list for PBXNativeTarget "NSStringCategoryTestTests" */;
			buildPhases = (
				FD54F3ED1BA9A2E2002DF8CA /* Sources */,
				FD54F3EE1BA9A2E2002DF8CA /* Frameworks */,
				FD54F3EF1BA9A2E2002DF8CA /* Resources */,
			);
			buildRules = (
			);
			dependencies = (
				FD54F3F31BA9A2E2002DF8CA /* PBXTargetDependency */,
			);
			name = NSStringCategoryTestTests;
			productName = NSStringCategoryTestTests;
			productReference = FD54F3F11BA9A2E2002DF8CA /* NSStringCategoryTestTests.xctest */;
			productType = "com.apple.product-type.bundle.unit-test";
		};
/* End PBXNativeTarget section */

/* Begin PBXProject section */
		FD54F3D01BA9A2E1002DF8CA /* Project object */ = {
			isa = PBXProject;
			attributes = {
				LastUpgradeCheck = 0640;
				ORGANIZATIONNAME = "麻生 拓弥";
				TargetAttributes = {
					FD54F3D71BA9A2E2002DF8CA = {
						CreatedOnToolsVersion = 6.4;
					};
					FD54F3F01BA9A2E2002DF8CA = {
						CreatedOnToolsVersion = 6.4;
						TestTargetID = FD54F3D71BA9A2E2002DF8CA;
					};
				};
			};
			buildConfigurationList = FD54F3D31BA9A2E1002DF8CA /* Build configuration list for PBXProject "NSStringCategoryTest" */;
			compatibilityVersion = "Xcode 3.2";
			developmentRegion = English;
			hasScannedForEncodings = 0;
			knownRegions = (
				en,
				Base,
			);
			mainGroup = FD54F3CF1BA9A2E1002DF8CA;
			productRefGroup = FD54F3D91BA9A2E2002DF8CA /* Products */;
			projectDirPath = "";
			projectRoot = "";
			targets = (
				FD54F3D71BA9A2E2002DF8CA /* NSStringCategoryTest */,
				FD54F3F01BA9A2E2002DF8CA /* NSStringCategoryTestTests */,
			);
		};
/* End PBXProject section */

/* Begin PBXResourcesBuildPhase section */
		FD54F3D61BA9A2E2002DF8CA /* Resources */ = {
			isa = PBXResourcesBuildPhase;
			buildActionMask = 2147483647;
			files = (
				FD54F3E71BA9A2E2002DF8CA /* Main.storyboard in Resources */,
				FD54F3EC1BA9A2E2002DF8CA /* LaunchScreen.xib in Resources */,
				FD54F3E91BA9A2E2002DF8CA /* Images.xcassets in Resources */,
			);
			runOnlyForDeploymentPostprocessing = 0;
		};
		FD54F3EF1BA9A2E2002DF8CA /* Resources */ = {
			isa = PBXResourcesBuildPhase;
			buildActionMask = 2147483647;
			files = (
			);
			runOnlyForDeploymentPostprocessing = 0;
		};
/* End PBXResourcesBuildPhase section */

/* Begin PBXSourcesBuildPhase section */
		FD54F3D41BA9A2E2002DF8CA /* Sources */ = {
			isa = PBXSourcesBuildPhase;
			buildActionMask = 2147483647;
			files = (
				FD54F3E41BA9A2E2002DF8CA /* ViewController.m in Sources */,
				FD54F3E11BA9A2E2002DF8CA /* AppDelegate.m in Sources */,
				FDD1363C1BA9B0F100136269 /* NSString+Util.m in Sources */,
				FD54F3DE1BA9A2E2002DF8CA /* main.m in Sources */,
			);
			runOnlyForDeploymentPostprocessing = 0;
		};
		FD54F3ED1BA9A2E2002DF8CA /* Sources */ = {
			isa = PBXSourcesBuildPhase;
			buildActionMask = 2147483647;
			files = (
				FD54F3F81BA9A2E2002DF8CA /* NSStringCategoryTestTests.m in Sources */,
			);
			runOnlyForDeploymentPostprocessing = 0;
		};
/* End PBXSourcesBuildPhase section */

/* Begin PBXTargetDependency section */
		FD54F3F31BA9A2E2002DF8CA /* PBXTargetDependency */ = {
			isa = PBXTargetDependency;
			target = FD54F3D71BA9A2E2002DF8CA /* NSStringCategoryTest */;
			targetProxy = FD54F3F21BA9A2E2002DF8CA /* PBXContainerItemProxy */;
		};
/* End PBXTargetDependency section */

/* Begin PBXVariantGroup section */
		FD54F3E51BA9A2E2002DF8CA /* Main.storyboard */ = {
			isa = PBXVariantGroup;
			children = (
				FD54F3E61BA9A2E2002DF8CA /* Base */,
			);
			name = Main.storyboard;
			sourceTree = "<group>";
		};
		FD54F3EA1BA9A2E2002DF8CA /* LaunchScreen.xib */ = {
			isa = PBXVariantGroup;
			children = (
				FD54F3EB1BA9A2E2002DF8CA /* Base */,
			);
			name = LaunchScreen.xib;
			sourceTree = "<group>";
		};
/* End PBXVariantGroup section */

/* Begin XCBuildConfiguration section */
		FD54F3F91BA9A2E2002DF8CA /* Debug */ = {
			isa = XCBuildConfiguration;
			buildSettings = {
				ALWAYS_SEARCH_USER_PATHS = NO;
				CLANG_CXX_LANGUAGE_STANDARD = "gnu++0x";
				CLANG_CXX_LIBRARY = "libc++";
				CLANG_ENABLE_MODULES = YES;
				CLANG_ENABLE_OBJC_ARC = YES;
				CLANG_WARN_BOOL_CONVERSION = YES;
				CLANG_WARN_CONSTANT_CONVERSION = YES;
				CLANG_WARN_DIRECT_OBJC_ISA_USAGE = YES_ERROR;
				CLANG_WARN_EMPTY_BODY = YES;
				CLANG_WARN_ENUM_CONVERSION = YES;
				CLANG_WARN_INT_CONVERSION = YES;
				CLANG_WARN_OBJC_ROOT_CLASS = YES_ERROR;
				CLANG_WARN_UNREACHABLE_CODE = YES;
				CLANG_WARN__DUPLICATE_METHOD_MATCH = YES;
				"CODE_SIGN_IDENTITY[sdk=iphoneos*]" = "iPhone Developer";
				COPY_PHASE_STRIP = NO;
				DEBUG_INFORMATION_FORMAT = "dwarf-with-dsym";
				ENABLE_STRICT_OBJC_MSGSEND = YES;
				GCC_C_LANGUAGE_STANDARD = gnu99;
				GCC_DYNAMIC_NO_PIC = NO;
				GCC_NO_COMMON_BLOCKS = YES;
				GCC_OPTIMIZATION_LEVEL = 0;
				GCC_PREPROCESSOR_DEFINITIONS = (
					"DEBUG=1",
					"$(inherited)",
				);
				GCC_SYMBOLS_PRIVATE_EXTERN = NO;
				GCC_WARN_64_TO_32_BIT_CONVERSION = YES;
				GCC_WARN_ABOUT_RETURN_TYPE = YES_ERROR;
				GCC_WARN_UNDECLARED_SELECTOR = YES;
				GCC_WARN_UNINITIALIZED_AUTOS = YES_AGGRESSIVE;
				GCC_WARN_UNUSED_FUNCTION = YES;
				GCC_WARN_UNUSED_VARIABLE = YES;
				IPHONEOS_DEPLOYMENT_TARGET = 8.4;
				MTL_ENABLE_DEBUG_INFO = YES;
				ONLY_ACTIVE_ARCH = YES;
				SDKROOT = iphoneos;
				TARGETED_DEVICE_FAMILY = "1,2";
			};
			name = Debug;
		};
		FD54F3FA1BA9A2E2002DF8CA /* Release */ = {
			isa = XCBuildConfiguration;
			buildSettings = {
				ALWAYS_SEARCH_USER_PATHS = NO;
				CLANG_CXX_LANGUAGE_STANDARD = "gnu++0x";
				CLANG_CXX_LIBRARY = "libc++";
				CLANG_ENABLE_MODULES = YES;
				CLANG_ENABLE_OBJC_ARC = YES;
				CLANG_WARN_BOOL_CONVERSION = YES;
				CLANG_WARN_CONSTANT_CONVERSION = YES;
				CLANG_WARN_DIRECT_OBJC_ISA_USAGE = YES_ERROR;
				CLANG_WARN_EMPTY_BODY = YES;
				CLANG_WARN_ENUM_CONVERSION = YES;
				CLANG_WARN_INT_CONVERSION = YES;
				CLANG_WARN_OBJC_ROOT_CLASS = YES_ERROR;
				CLANG_WARN_UNREACHABLE_CODE = YES;
				CLANG_WARN__DUPLICATE_METHOD_MATCH = YES;
				"CODE_SIGN_IDENTITY[sdk=iphoneos*]" = "iPhone Developer";
				COPY_PHASE_STRIP = NO;
				DEBUG_INFORMATION_FORMAT = "dwarf-with-dsym";
				ENABLE_NS_ASSERTIONS = NO;
				ENABLE_STRICT_OBJC_MSGSEND = YES;
				GCC_C_LANGUAGE_STANDARD = gnu99;
				GCC_NO_COMMON_BLOCKS = YES;
				GCC_WARN_64_TO_32_BIT_CONVERSION = YES;
				GCC_WARN_ABOUT_RETURN_TYPE = YES_ERROR;
				GCC_WARN_UNDECLARED_SELECTOR = YES;
				GCC_WARN_UNINITIALIZED_AUTOS = YES_AGGRESSIVE;
				GCC_WARN_UNUSED_FUNCTION = YES;
				GCC_WARN_UNUSED_VARIABLE = YES;
				IPHONEOS_DEPLOYMENT_TARGET = 8.4;
				MTL_ENABLE_DEBUG_INFO = NO;
				SDKROOT = iphoneos;
				TARGETED_DEVICE_FAMILY = "1,2";
				VALIDATE_PRODUCT = YES;
			};
			name = Release;
		};
		FD54F3FC1BA9A2E2002DF8CA /* Debug */ = {
			isa = XCBuildConfiguration;
			buildSettings = {
				ASSETCATALOG_COMPILER_APPICON_NAME = AppIcon;
				INFOPLIST_FILE = NSStringCategoryTest/Info.plist;
				LD_RUNPATH_SEARCH_PATHS = "$(inherited) @executable_path/Frameworks";
				PRODUCT_NAME = "$(TARGET_NAME)";
			};
			name = Debug;
		};
		FD54F3FD1BA9A2E2002DF8CA /* Release */ = {
			isa = XCBuildConfiguration;
			buildSettings = {
				ASSETCATALOG_COMPILER_APPICON_NAME = AppIcon;
				INFOPLIST_FILE = NSStringCategoryTest/Info.plist;
				LD_RUNPATH_SEARCH_PATHS = "$(inherited) @executable_path/Frameworks";
				PRODUCT_NAME = "$(TARGET_NAME)";
			};
			name = Release;
		};
		FD54F3FF1BA9A2E2002DF8CA /* Debug */ = {
			isa = XCBuildConfiguration;
			buildSettings = {
				BUNDLE_LOADER = "$(TEST_HOST)";
				FRAMEWORK_SEARCH_PATHS = (
					"$(SDKROOT)/Developer/Library/Frameworks",
					"$(inherited)",
				);
				GCC_PREPROCESSOR_DEFINITIONS = (
					"DEBUG=1",
					"$(inherited)",
				);
				INFOPLIST_FILE = NSStringCategoryTestTests/Info.plist;
				LD_RUNPATH_SEARCH_PATHS = "$(inherited) @executable_path/Frameworks @loader_path/Frameworks";
				PRODUCT_NAME = "$(TARGET_NAME)";
				TEST_HOST = "$(BUILT_PRODUCTS_DIR)/NSStringCategoryTest.app/NSStringCategoryTest";
			};
			name = Debug;
		};
		FD54F4001BA9A2E2002DF8CA /* Release */ = {
			isa = XCBuildConfiguration;
			buildSettings = {
				BUNDLE_LOADER = "$(TEST_HOST)";
				FRAMEWORK_SEARCH_PATHS = (
					"$(SDKROOT)/Developer/Library/Frameworks",
					"$(inherited)",
				);
				INFOPLIST_FILE = NSStringCategoryTestTests/Info.plist;
				LD_RUNPATH_SEARCH_PATHS = "$(inherited) @executable_path/Frameworks @loader_path/Frameworks";
				PRODUCT_NAME = "$(TARGET_NAME)";
				TEST_HOST = "$(BUILT_PRODUCTS_DIR)/NSStringCategoryTest.app/NSStringCategoryTest";
			};
			name = Release;
		};
/* End XCBuildConfiguration section */

/* Begin XCConfigurationList section */
		FD54F3D31BA9A2E1002DF8CA /* Build configuration list for PBXProject "NSStringCategoryTest" */ = {
			isa = XCConfigurationList;
			buildConfigurations = (
				FD54F3F91BA9A2E2002DF8CA /* Debug */,
				FD54F3FA1BA9A2E2002DF8CA /* Release */,
			);
			defaultConfigurationIsVisible = 0;
			defaultConfigurationName = Release;
		};
		FD54F3FB1BA9A2E2002DF8CA /* Build configuration list for PBXNativeTarget "NSStringCategoryTest" */ = {
			isa = XCConfigurationList;
			buildConfigurations = (
				FD54F3FC1BA9A2E2002DF8CA /* Debug */,
				FD54F3FD1BA9A2E2002DF8CA /* Release */,
			);
			defaultConfigurationIsVisible = 0;
			defaultConfigurationName = Release;
		};
		FD54F3FE1BA9A2E2002DF8CA /* Build configuration list for PBXNativeTarget "NSStringCategoryTestTests" */ = {
			isa = XCConfigurationList;
			buildConfigurations = (
				FD54F3FF1BA9A2E2002DF8CA /* Debug */,
				FD54F4001BA9A2E2002DF8CA /* Release */,
			);
			defaultConfigurationIsVisible = 0;
			defaultConfigurationName = Release;
		};
/* End XCConfigurationList section */
	};
	rootObject = FD54F3D01BA9A2E1002DF8CA /* Project object */;
}
